
Microsoft Visual Studio Solution File, Format Version 12.00
# Visual Studio Version 17
VisualStudioVersion = 17.5.002.0
MinimumVisualStudioVersion = 10.0.40219.1
Project("{9A19103F-16F7-4668-BE54-9A1E7A4F7556}") = "webapp-sam-lab13", "webapp-sam-lab13\webapp-sam-lab13.csproj", "{A222064F-F88B-4AA1-BAE4-B8D409E483EF}"
EndProject
Global
	GlobalSection(SolutionConfigurationPlatforms) = preSolution
		Debug|Any CPU = Debug|Any CPU
		Release|Any CPU = Release|Any CPU
	EndGlobalSection
	GlobalSection(ProjectConfigurationPlatforms) = postSolution
		{A222064F-F88B-4AA1-BAE4-B8D409E483EF}.Debug|Any CPU.ActiveCfg = Debug|Any CPU
		{A222064F-F88B-4AA1-BAE4-B8D409E483EF}.Debug|Any CPU.Build.0 = Debug|Any CPU
		{A222064F-F88B-4AA1-BAE4-B8D409E483EF}.Release|Any CPU.ActiveCfg = Release|Any CPU
		{A222064F-F88B-4AA1-BAE4-B8D409E483EF}.Release|Any CPU.Build.0 = Release|Any CPU
	EndGlobalSection
	GlobalSection(SolutionProperties) = preSolution
		HideSolutionNode = FALSE
	EndGlobalSection
	GlobalSection(ExtensibilityGlobals) = postSolution
		SolutionGuid = {CB1A8804-FCE3-42C3-A264-48C51235D3CD}
	EndGlobalSection
EndGlobal
